// !$*UTF8*$!
{
	archiveVersion = 1;
	classes = {
	};
	objectVersion = 46;
	objects = {

/* Begin PBXBuildFile section */
		A7E342DB1C0C4855008EFD70 /* main.m in Sources */ = {isa = PBXBuildFile; fileRef = A7E342DA1C0C4855008EFD70 /* main.m */; };
		A7E342DE1C0C4855008EFD70 /* AppDelegate.m in Sources */ = {isa = PBXBuildFile; fileRef = A7E342DD1C0C4855008EFD70 /* AppDelegate.m */; };
		A7E342E11C0C4855008EFD70 /* ViewController.m in Sources */ = {isa = PBXBuildFile; fileRef = A7E342E01C0C4855008EFD70 /* ViewController.m */; };
		A7E342E41C0C4855008EFD70 /* Main.storyboard in Resources */ = {isa = PBXBuildFile; fileRef = A7E342E21C0C4855008EFD70 /* Main.storyboard */; };
		A7E342E61C0C4855008EFD70 /* Assets.xcassets in Resources */ = {isa = PBXBuildFile; fileRef = A7E342E51C0C4855008EFD70 /* Assets.xcassets */; };
		A7E342E91C0C4855008EFD70 /* LaunchScreen.storyboard in Resources */ = {isa = PBXBuildFile; fileRef = A7E342E71C0C4855008EFD70 /* LaunchScreen.storyboard */; };
		A7E342F41C0C4855008EFD70 /* GitTestTests.m in Sources */ = {isa = PBXBuildFile; fileRef = A7E342F31C0C4855008EFD70 /* GitTestTests.m */; };
		A7E342FF1C0C4855008EFD70 /* GitTestUITests.m in Sources */ = {isa = PBXBuildFile; fileRef = A7E342FE1C0C4855008EFD70 /* GitTestUITests.m */; };
		A7E3430E1C0C4CD9008EFD70 /* CustomView.m in Sources */ = {isa = PBXBuildFile; fileRef = A7E3430D1C0C4CD9008EFD70 /* CustomView.m */; };
		A7E343101C0C4D13008EFD70 /* Podfile in Resources */ = {isa = PBXBuildFile; fileRef = A7E3430F1C0C4D13008EFD70 /* Podfile */; };
/* End PBXBuildFile section */

/* Begin PBXContainerItemProxy section */
		A7E342F01C0C4855008EFD70 /* PBXContainerItemProxy */ = {
			isa = PBXContainerItemProxy;
			containerPortal = A7E342CE1C0C4855008EFD70 /* Project object */;
			proxyType = 1;
			remoteGlobalIDString = A7E342D51C0C4855008EFD70;
			remoteInfo = GitTest;
		};
		A7E342FB1C0C4855008EFD70 /* PBXContainerItemProxy */ = {
			isa = PBXContainerItemProxy;
			containerPortal = A7E342CE1C0C4855008EFD70 /* Project object */;
			proxyType = 1;
			remoteGlobalIDString = A7E342D51C0C4855008EFD70;
			remoteInfo = GitTest;
		};
/* End PBXContainerItemProxy section */

/* Begin PBXFileReference section */
		A7E342D61C0C4855008EFD70 /* GitTest.app */ = {isa = PBXFileReference; explicitFileType = wrapper.application; includeInIndex = 0; path = GitTest.app; sourceTree = BUILT_PRODUCTS_DIR; };
		A7E342DA1C0C4855008EFD70 /* main.m */ = {isa = PBXFileReference; lastKnownFileType = sourcecode.c.objc; path = main.m; sourceTree = "<group>"; };
		A7E342DC1C0C4855008EFD70 /* AppDelegate.h */ = {isa = PBXFileReference; lastKnownFileType = sourcecode.c.h; path = AppDelegate.h; sourceTree = "<group>"; };
		A7E342DD1C0C4855008EFD70 /* AppDelegate.m */ = {isa = PBXFileReference; lastKnownFileType = sourcecode.c.objc; path = AppDelegate.m; sourceTree = "<group>"; };
		A7E342DF1C0C4855008EFD70 /* ViewController.h */ = {isa = PBXFileReference; lastKnownFileType = sourcecode.c.h; path = ViewController.h; sourceTree = "<group>"; };
		A7E342E01C0C4855008EFD70 /* ViewController.m */ = {isa = PBXFileReference; lastKnownFileType = sourcecode.c.objc; path = ViewController.m; sourceTree = "<group>"; };
		A7E342E31C0C4855008EFD70 /* Base */ = {isa = PBXFileReference; lastKnownFileType = file.storyboard; name = Base; path = Base.lproj/Main.storyboard; sourceTree = "<group>"; };
		A7E342E51C0C4855008EFD70 /* Assets.xcassets */ = {isa = PBXFileReference; lastKnownFileType = folder.assetcatalog; path = Assets.xcassets; sourceTree = "<group>"; };
		A7E342E81C0C4855008EFD70 /* Base */ = {isa = PBXFileReference; lastKnownFileType = file.storyboard; name = Base; path = Base.lproj/LaunchScreen.storyboard; sourceTree = "<group>"; };
		A7E342EA1C0C4855008EFD70 /* Info.plist */ = {isa = PBXFileReference; lastKnownFileType = text.plist.xml; path = Info.plist; sourceTree = "<group>"; };
		A7E342EF1C0C4855008EFD70 /* GitTestTests.xctest */ = {isa = PBXFileReference; explicitFileType = wrapper.cfbundle; includeInIndex = 0; path = GitTestTests.xctest; sourceTree = BUILT_PRODUCTS_DIR; };
		A7E342F31C0C4855008EFD70 /* GitTestTests.m */ = {isa = PBXFileReference; lastKnownFileType = sourcecode.c.objc; path = GitTestTests.m; sourceTree = "<group>"; };
		A7E342F51C0C4855008EFD70 /* Info.plist */ = {isa = PBXFileReference; lastKnownFileType = text.plist.xml; path = Info.plist; sourceTree = "<group>"; };
		A7E342FA1C0C4855008EFD70 /* GitTestUITests.xctest */ = {isa = PBXFileReference; explicitFileType = wrapper.cfbundle; includeInIndex = 0; path = GitTestUITests.xctest; sourceTree = BUILT_PRODUCTS_DIR; };
		A7E342FE1C0C4855008EFD70 /* GitTestUITests.m */ = {isa = PBXFileReference; lastKnownFileType = sourcecode.c.objc; path = GitTestUITests.m; sourceTree = "<group>"; };
		A7E343001C0C4855008EFD70 /* Info.plist */ = {isa = PBXFileReference; lastKnownFileType = text.plist.xml; path = Info.plist; sourceTree = "<group>"; };
		A7E3430C1C0C4CD9008EFD70 /* CustomView.h */ = {isa = PBXFileReference; fileEncoding = 4; lastKnownFileType = sourcecode.c.h; path = CustomView.h; sourceTree = "<group>"; };
		A7E3430D1C0C4CD9008EFD70 /* CustomView.m */ = {isa = PBXFileReference; fileEncoding = 4; lastKnownFileType = sourcecode.c.objc; path = CustomView.m; sourceTree = "<group>"; };
		A7E3430F1C0C4D13008EFD70 /* Podfile */ = {isa = PBXFileReference; fileEncoding = 4; lastKnownFileType = text; path = Podfile; sourceTree = "<group>"; };
/* End PBXFileReference section */

/* Begin PBXFrameworksBuildPhase section */
		A7E342D31C0C4855008EFD70 /* Frameworks */ = {
			isa = PBXFrameworksBuildPhase;
			buildActionMask = 2147483647;
			files = (
			);
			runOnlyForDeploymentPostprocessing = 0;
		};
		A7E342EC1C0C4855008EFD70 /* Frameworks */ = {
			isa = PBXFrameworksBuildPhase;
			buildActionMask = 2147483647;
			files = (
			);
			runOnlyForDeploymentPostprocessing = 0;
		};
		A7E342F71C0C4855008EFD70 /* Frameworks */ = {
			isa = PBXFrameworksBuildPhase;
			buildActionMask = 2147483647;
			files = (
			);
			runOnlyForDeploymentPostprocessing = 0;
		};
/* End PBXFrameworksBuildPhase section */

/* Begin PBXGroup section */
		A7E342CD1C0C4855008EFD70 = {
			isa = PBXGroup;
			children = (
				A7E3430F1C0C4D13008EFD70 /* Podfile */,
				A7E342D81C0C4855008EFD70 /* GitTest */,
				A7E342F21C0C4855008EFD70 /* GitTestTests */,
				A7E342FD1C0C4855008EFD70 /* GitTestUITests */,
				A7E342D71C0C4855008EFD70 /* Products */,
			);
			sourceTree = "<group>";
		};
		A7E342D71C0C4855008EFD70 /* Products */ = {
			isa = PBXGroup;
			children = (
				A7E342D61C0C4855008EFD70 /* GitTest.app */,
				A7E342EF1C0C4855008EFD70 /* GitTestTests.xctest */,
				A7E342FA1C0C4855008EFD70 /* GitTestUITests.xctest */,
			);
			name = Products;
			sourceTree = "<group>";
		};
		A7E342D81C0C4855008EFD70 /* GitTest */ = {
			isa = PBXGroup;
			children = (
				A7E342DC1C0C4855008EFD70 /* AppDelegate.h */,
				A7E342DD1C0C4855008EFD70 /* AppDelegate.m */,
				A7E342DF1C0C4855008EFD70 /* ViewController.h */,
				A7E342E01C0C4855008EFD70 /* ViewController.m */,
				A7E3430C1C0C4CD9008EFD70 /* CustomView.h */,
				A7E3430D1C0C4CD9008EFD70 /* CustomView.m */,
				A7E342E21C0C4855008EFD70 /* Main.storyboard */,
				A7E342E51C0C4855008EFD70 /* Assets.xcassets */,
				A7E342E71C0C4855008EFD70 /* LaunchScreen.storyboard */,
				A7E342EA1C0C4855008EFD70 /* Info.plist */,
				A7E342D91C0C4855008EFD70 /* Supporting Files */,
			);
			path = GitTest;
			sourceTree = "<group>";
		};
		A7E342D91C0C4855008EFD70 /* Supporting Files */ = {
			isa = PBXGroup;
			children = (
				A7E342DA1C0C4855008EFD70 /* main.m */,
			);
			name = "Supporting Files";
			sourceTree = "<group>";
		};
		A7E342F21C0C4855008EFD70 /* GitTestTests */ = {
			isa = PBXGroup;
			children = (
				A7E342F31C0C4855008EFD70 /* GitTestTests.m */,
				A7E342F51C0C4855008EFD70 /* Info.plist */,
			);
			path = GitTestTests;
			sourceTree = "<group>";
		};
		A7E342FD1C0C4855008EFD70 /* GitTestUITests */ = {
			isa = PBXGroup;
			children = (
				A7E342FE1C0C4855008EFD70 /* GitTestUITests.m */,
				A7E343001C0C4855008EFD70 /* Info.plist */,
			);
			path = GitTestUITests;
			sourceTree = "<group>";
		};
/* End PBXGroup section */

/* Begin PBXNativeTarget section */
		A7E342D51C0C4855008EFD70 /* GitTest */ = {
			isa = PBXNativeTarget;
			buildConfigurationList = A7E343031C0C4856008EFD70 /* Build configuration list for PBXNativeTarget "GitTest" */;
			buildPhases = (
				A7E342D21C0C4855008EFD70 /* Sources */,
				A7E342D31C0C4855008EFD70 /* Frameworks */,
				A7E342D41C0C4855008EFD70 /* Resources */,
			);
			buildRules = (
			);
			dependencies = (
			);
			name = GitTest;
			productName = GitTest;
			productReference = A7E342D61C0C4855008EFD70 /* GitTest.app */;
			productType = "com.apple.product-type.application";
		};
		A7E342EE1C0C4855008EFD70 /* GitTestTests */ = {
			isa = PBXNativeTarget;
			buildConfigurationList = A7E343061C0C4856008EFD70 /* Build configuration list for PBXNativeTarget "GitTestTests" */;
			buildPhases = (
				A7E342EB1C0C4855008EFD70 /* Sources */,
				A7E342EC1C0C4855008EFD70 /* Frameworks */,
				A7E342ED1C0C4855008EFD70 /* Resources */,
			);
			buildRules = (
			);
			dependencies = (
				A7E342F11C0C4855008EFD70 /* PBXTargetDependency */,
			);
			name = GitTestTests;
			productName = GitTestTests;
			productReference = A7E342EF1C0C4855008EFD70 /* GitTestTests.xctest */;
			productType = "com.apple.product-type.bundle.unit-test";
		};
		A7E342F91C0C4855008EFD70 /* GitTestUITests */ = {
			isa = PBXNativeTarget;
			buildConfigurationList = A7E343091C0C4856008EFD70 /* Build configuration list for PBXNativeTarget "GitTestUITests" */;
			buildPhases = (
				A7E342F61C0C4855008EFD70 /* Sources */,
				A7E342F71C0C4855008EFD70 /* Frameworks */,
				A7E342F81C0C4855008EFD70 /* Resources */,
			);
			buildRules = (
			);
			dependencies = (
				A7E342FC1C0C4855008EFD70 /* PBXTargetDependency */,
			);
			name = GitTestUITests;
			productName = GitTestUITests;
			productReference = A7E342FA1C0C4855008EFD70 /* GitTestUITests.xctest */;
			productType = "com.apple.product-type.bundle.ui-testing";
		};
/* End PBXNativeTarget section */

/* Begin PBXProject section */
		A7E342CE1C0C4855008EFD70 /* Project object */ = {
			isa = PBXProject;
			attributes = {
				LastUpgradeCheck = 0710;
				ORGANIZATIONNAME = "云尚互动";
				TargetAttributes = {
					A7E342D51C0C4855008EFD70 = {
						CreatedOnToolsVersion = 7.1.1;
						DevelopmentTeam = Q34ZBX98J7;
					};
					A7E342EE1C0C4855008EFD70 = {
						CreatedOnToolsVersion = 7.1.1;
						DevelopmentTeam = Q34ZBX98J7;
						TestTargetID = A7E342D51C0C4855008EFD70;
					};
					A7E342F91C0C4855008EFD70 = {
						CreatedOnToolsVersion = 7.1.1;
						DevelopmentTeam = Q34ZBX98J7;
						TestTargetID = A7E342D51C0C4855008EFD70;
					};
				};
			};
			buildConfigurationList = A7E342D11C0C4855008EFD70 /* Build configuration list for PBXProject "GitTest" */;
			compatibilityVersion = "Xcode 3.2";
			developmentRegion = English;
			hasScannedForEncodings = 0;
			knownRegions = (
				en,
				Base,
			);
			mainGroup = A7E342CD1C0C4855008EFD70;
			productRefGroup = A7E342D71C0C4855008EFD70 /* Products */;
			projectDirPath = "";
			projectRoot = "";
			targets = (
				A7E342D51C0C4855008EFD70 /* GitTest */,
				A7E342EE1C0C4855008EFD70 /* GitTestTests */,
				A7E342F91C0C4855008EFD70 /* GitTestUITests */,
			);
		};
/* End PBXProject section */

/* Begin PBXResourcesBuildPhase section */
		A7E342D41C0C4855008EFD70 /* Resources */ = {
			isa = PBXResourcesBuildPhase;
			buildActionMask = 2147483647;
			files = (
				A7E342E91C0C4855008EFD70 /* LaunchScreen.storyboard in Resources */,
				A7E342E61C0C4855008EFD70 /* Assets.xcassets in Resources */,
				A7E343101C0C4D13008EFD70 /* Podfile in Resources */,
				A7E342E41C0C4855008EFD70 /* Main.storyboard in Resources */,
			);
			runOnlyForDeploymentPostprocessing = 0;
		};
		A7E342ED1C0C4855008EFD70 /* Resources */ = {
			isa = PBXResourcesBuildPhase;
			buildActionMask = 2147483647;
			files = (
			);
			runOnlyForDeploymentPostprocessing = 0;
		};
		A7E342F81C0C4855008EFD70 /* Resources */ = {
			isa = PBXResourcesBuildPhase;
			buildActionMask = 2147483647;
			files = (
			);
			runOnlyForDeploymentPostprocessing = 0;
		};
/* End PBXResourcesBuildPhase section */

/* Begin PBXSourcesBuildPhase section */
		A7E342D21C0C4855008EFD70 /* Sources */ = {
			isa = PBXSourcesBuildPhase;
			buildActionMask = 2147483647;
			files = (
				A7E342E11C0C4855008EFD70 /* ViewController.m in Sources */,
				A7E3430E1C0C4CD9008EFD70 /* CustomView.m in Sources */,
				A7E342DE1C0C4855008EFD70 /* AppDelegate.m in Sources */,
				A7E342DB1C0C4855008EFD70 /* main.m in Sources */,
			);
			runOnlyForDeploymentPostprocessing = 0;
		};
		A7E342EB1C0C4855008EFD70 /* Sources */ = {
			isa = PBXSourcesBuildPhase;
			buildActionMask = 2147483647;
			files = (
				A7E342F41C0C4855008EFD70 /* GitTestTests.m in Sources */,
			);
			runOnlyForDeploymentPostprocessing = 0;
		};
		A7E342F61C0C4855008EFD70 /* Sources */ = {
			isa = PBXSourcesBuildPhase;
			buildActionMask = 2147483647;
			files = (
				A7E342FF1C0C4855008EFD70 /* GitTestUITests.m in Sources */,
			);
			runOnlyForDeploymentPostprocessing = 0;
		};
/* End PBXSourcesBuildPhase section */

/* Begin PBXTargetDependency section */
		A7E342F11C0C4855008EFD70 /* PBXTargetDependency */ = {
			isa = PBXTargetDependency;
			target = A7E342D51C0C4855008EFD70 /* GitTest */;
			targetProxy = A7E342F01C0C4855008EFD70 /* PBXContainerItemProxy */;
		};
		A7E342FC1C0C4855008EFD70 /* PBXTargetDependency */ = {
			isa = PBXTargetDependency;
			target = A7E342D51C0C4855008EFD70 /* GitTest */;
			targetProxy = A7E342FB1C0C4855008EFD70 /* PBXContainerItemProxy */;
		};
/* End PBXTargetDependency section */

/* Begin PBXVariantGroup section */
		A7E342E21C0C4855008EFD70 /* Main.storyboard */ = {
			isa = PBXVariantGroup;
			children = (
				A7E342E31C0C4855008EFD70 /* Base */,
			);
			name = Main.storyboard;
			sourceTree = "<group>";
		};
		A7E342E71C0C4855008EFD70 /* LaunchScreen.storyboard */ = {
			isa = PBXVariantGroup;
			children = (
				A7E342E81C0C4855008EFD70 /* Base */,
			);
			name = LaunchScreen.storyboard;
			sourceTree = "<group>";
		};
/* End PBXVariantGroup section */

/* Begin XCBuildConfiguration section */
		A7E343011C0C4856008EFD70 /* Debug */ = {
			isa = XCBuildConfiguration;
			buildSettings = {
				ALWAYS_SEARCH_USER_PATHS = NO;
				CLANG_CXX_LANGUAGE_STANDARD = "gnu++0x";
				CLANG_CXX_LIBRARY = "libc++";
				CLANG_ENABLE_MODULES = YES;
				CLANG_ENABLE_OBJC_ARC = YES;
				CLANG_WARN_BOOL_CONVERSION = YES;
				CLANG_WARN_CONSTANT_CONVERSION = YES;
				CLANG_WARN_DIRECT_OBJC_ISA_USAGE = YES_ERROR;
				CLANG_WARN_EMPTY_BODY = YES;
				CLANG_WARN_ENUM_CONVERSION = YES;
				CLANG_WARN_INT_CONVERSION = YES;
				CLANG_WARN_OBJC_ROOT_CLASS = YES_ERROR;
				CLANG_WARN_UNREACHABLE_CODE = YES;
				CLANG_WARN__DUPLICATE_METHOD_MATCH = YES;
				"CODE_SIGN_IDENTITY[sdk=iphoneos*]" = "iPhone Developer";
				COPY_PHASE_STRIP = NO;
				DEBUG_INFORMATION_FORMAT = dwarf;
				ENABLE_STRICT_OBJC_MSGSEND = YES;
				ENABLE_TESTABILITY = YES;
				GCC_C_LANGUAGE_STANDARD = gnu99;
				GCC_DYNAMIC_NO_PIC = NO;
				GCC_NO_COMMON_BLOCKS = YES;
				GCC_OPTIMIZATION_LEVEL = 0;
				GCC_PREPROCESSOR_DEFINITIONS = (
					"DEBUG=1",
					"$(inherited)",
				);
				GCC_WARN_64_TO_32_BIT_CONVERSION = YES;
				GCC_WARN_ABOUT_RETURN_TYPE = YES_ERROR;
				GCC_WARN_UNDECLARED_SELECTOR = YES;
				GCC_WARN_UNINITIALIZED_AUTOS = YES_AGGRESSIVE;
				GCC_WARN_UNUSED_FUNCTION = YES;
				GCC_WARN_UNUSED_VARIABLE = YES;
				IPHONEOS_DEPLOYMENT_TARGET = 9.1;
				MTL_ENABLE_DEBUG_INFO = YES;
				ONLY_ACTIVE_ARCH = YES;
				SDKROOT = iphoneos;
			};
			name = Debug;
		};
		A7E343021C0C4856008EFD70 /* Release */ = {
			isa = XCBuildConfiguration;
			buildSettings = {
				ALWAYS_SEARCH_USER_PATHS = NO;
				CLANG_CXX_LANGUAGE_STANDARD = "gnu++0x";
				CLANG_CXX_LIBRARY = "libc++";
				CLANG_ENABLE_MODULES = YES;
				CLANG_ENABLE_OBJC_ARC = YES;
				CLANG_WARN_BOOL_CONVERSION = YES;
				CLANG_WARN_CONSTANT_CONVERSION = YES;
				CLANG_WARN_DIRECT_OBJC_ISA_USAGE = YES_ERROR;
				CLANG_WARN_EMPTY_BODY = YES;
				CLANG_WARN_ENUM_CONVERSION = YES;
				CLANG_WARN_INT_CONVERSION = YES;
				CLANG_WARN_OBJC_ROOT_CLASS = YES_ERROR;
				CLANG_WARN_UNREACHABLE_CODE = YES;
				CLANG_WARN__DUPLICATE_METHOD_MATCH = YES;
				"CODE_SIGN_IDENTITY[sdk=iphoneos*]" = "iPhone Developer";
				COPY_PHASE_STRIP = NO;
				DEBUG_INFORMATION_FORMAT = "dwarf-with-dsym";
				ENABLE_NS_ASSERTIONS = NO;
				ENABLE_STRICT_OBJC_MSGSEND = YES;
				GCC_C_LANGUAGE_STANDARD = gnu99;
				GCC_NO_COMMON_BLOCKS = YES;
				GCC_WARN_64_TO_32_BIT_CONVERSION = YES;
				GCC_WARN_ABOUT_RETURN_TYPE = YES_ERROR;
				GCC_WARN_UNDECLARED_SELECTOR = YES;
				GCC_WARN_UNINITIALIZED_AUTOS = YES_AGGRESSIVE;
				GCC_WARN_UNUSED_FUNCTION = YES;
				GCC_WARN_UNUSED_VARIABLE = YES;
				IPHONEOS_DEPLOYMENT_TARGET = 9.1;
				MTL_ENABLE_DEBUG_INFO = NO;
				SDKROOT = iphoneos;
				VALIDATE_PRODUCT = YES;
			};
			name = Release;
		};
		A7E343041C0C4856008EFD70 /* Debug */ = {
			isa = XCBuildConfiguration;
			buildSettings = {
				ASSETCATALOG_COMPILER_APPICON_NAME = AppIcon;
				INFOPLIST_FILE = GitTest/Info.plist;
				LD_RUNPATH_SEARCH_PATHS = "$(inherited) @executable_path/Frameworks";
				PRODUCT_BUNDLE_IDENTIFIER = com.yshd.www.GitTest;
				PRODUCT_NAME = "$(TARGET_NAME)";
			};
			name = Debug;
		};
		A7E343051C0C4856008EFD70 /* Release */ = {
			isa = XCBuildConfiguration;
			buildSettings = {
				ASSETCATALOG_COMPILER_APPICON_NAME = AppIcon;
				INFOPLIST_FILE = GitTest/Info.plist;
				LD_RUNPATH_SEARCH_PATHS = "$(inherited) @executable_path/Frameworks";
				PRODUCT_BUNDLE_IDENTIFIER = com.yshd.www.GitTest;
				PRODUCT_NAME = "$(TARGET_NAME)";
			};
			name = Release;
		};
		A7E343071C0C4856008EFD70 /* Debug */ = {
			isa = XCBuildConfiguration;
			buildSettings = {
				BUNDLE_LOADER = "$(TEST_HOST)";
				INFOPLIST_FILE = GitTestTests/Info.plist;
				LD_RUNPATH_SEARCH_PATHS = "$(inherited) @executable_path/Frameworks @loader_path/Frameworks";
				PRODUCT_BUNDLE_IDENTIFIER = com.yshd.www.GitTestTests;
				PRODUCT_NAME = "$(TARGET_NAME)";
				TEST_HOST = "$(BUILT_PRODUCTS_DIR)/GitTest.app/GitTest";
			};
			name = Debug;
		};
		A7E343081C0C4856008EFD70 /* Release */ = {
			isa = XCBuildConfiguration;
			buildSettings = {
				BUNDLE_LOADER = "$(TEST_HOST)";
				INFOPLIST_FILE = GitTestTests/Info.plist;
				LD_RUNPATH_SEARCH_PATHS = "$(inherited) @executable_path/Frameworks @loader_path/Frameworks";
				PRODUCT_BUNDLE_IDENTIFIER = com.yshd.www.GitTestTests;
				PRODUCT_NAME = "$(TARGET_NAME)";
				TEST_HOST = "$(BUILT_PRODUCTS_DIR)/GitTest.app/GitTest";
			};
			name = Release;
		};
		A7E3430A1C0C4856008EFD70 /* Debug */ = {
			isa = XCBuildConfiguration;
			buildSettings = {
				INFOPLIST_FILE = GitTestUITests/Info.plist;
				LD_RUNPATH_SEARCH_PATHS = "$(inherited) @executable_path/Frameworks @loader_path/Frameworks";
				PRODUCT_BUNDLE_IDENTIFIER = com.yshd.www.GitTestUITests;
				PRODUCT_NAME = "$(TARGET_NAME)";
				TEST_TARGET_NAME = GitTest;
				USES_XCTRUNNER = YES;
			};
			name = Debug;
		};
		A7E3430B1C0C4856008EFD70 /* Release */ = {
			isa = XCBuildConfiguration;
			buildSettings = {
				INFOPLIST_FILE = GitTestUITests/Info.plist;
				LD_RUNPATH_SEARCH_PATHS = "$(inherited) @executable_path/Frameworks @loader_path/Frameworks";
				PRODUCT_BUNDLE_IDENTIFIER = com.yshd.www.GitTestUITests;
				PRODUCT_NAME = "$(TARGET_NAME)";
				TEST_TARGET_NAME = GitTest;
				USES_XCTRUNNER = YES;
			};
			name = Release;
		};
/* End XCBuildConfiguration section */

/* Begin XCConfigurationList section */
		A7E342D11C0C4855008EFD70 /* Build configuration list for PBXProject "GitTest" */ = {
			isa = XCConfigurationList;
			buildConfigurations = (
				A7E343011C0C4856008EFD70 /* Debug */,
				A7E343021C0C4856008EFD70 /* Release */,
			);
			defaultConfigurationIsVisible = 0;
			defaultConfigurationName = Release;
		};
		A7E343031C0C4856008EFD70 /* Build configuration list for PBXNativeTarget "GitTest" */ = {
			isa = XCConfigurationList;
			buildConfigurations = (
				A7E343041C0C4856008EFD70 /* Debug */,
				A7E343051C0C4856008EFD70 /* Release */,
			);
			defaultConfigurationIsVisible = 0;
			defaultConfigurationName = Release;
		};
		A7E343061C0C4856008EFD70 /* Build configuration list for PBXNativeTarget "GitTestTests" */ = {
			isa = XCConfigurationList;
			buildConfigurations = (
				A7E343071C0C4856008EFD70 /* Debug */,
				A7E343081C0C4856008EFD70 /* Release */,
			);
			defaultConfigurationIsVisible = 0;
			defaultConfigurationName = Release;
		};
		A7E343091C0C4856008EFD70 /* Build configuration list for PBXNativeTarget "GitTestUITests" */ = {
			isa = XCConfigurationList;
			buildConfigurations = (
				A7E3430A1C0C4856008EFD70 /* Debug */,
				A7E3430B1C0C4856008EFD70 /* Release */,
			);
			defaultConfigurationIsVisible = 0;
			defaultConfigurationName = Release;
		};
/* End XCConfigurationList section */
	};
	rootObject = A7E342CE1C0C4855008EFD70 /* Project object */;
}
